
Microsoft Visual Studio Solution File, Format Version 12.00
# Visual Studio Version 17
VisualStudioVersion = 17.8.34525.116
MinimumVisualStudioVersion = 10.0.40219.1
Project("{FAE04EC0-301F-11D3-BF4B-00C04F79EFBC}") = "AppDev_II", "AppDev_II\AppDev_II.csproj", "{A2525342-8A50-49A6-B891-CCCB86C24509}"
EndProject
Global
	GlobalSection(SolutionConfigurationPlatforms) = preSolution
		Debug|Any CPU = Debug|Any CPU
		Release|Any CPU = Release|Any CPU
	EndGlobalSection
	GlobalSection(ProjectConfigurationPlatforms) = postSolution
		{A2525342-8A50-49A6-B891-CCCB86C24509}.Debug|Any CPU.ActiveCfg = Debug|Any CPU
		{A2525342-8A50-49A6-B891-CCCB86C24509}.Debug|Any CPU.Build.0 = Debug|Any CPU
		{A2525342-8A50-49A6-B891-CCCB86C24509}.Release|Any CPU.ActiveCfg = Release|Any CPU
		{A2525342-8A50-49A6-B891-CCCB86C24509}.Release|Any CPU.Build.0 = Release|Any CPU
	EndGlobalSection
	GlobalSection(SolutionProperties) = preSolution
		HideSolutionNode = FALSE
	EndGlobalSection
	GlobalSection(ExtensibilityGlobals) = postSolution
		SolutionGuid = {F96B0525-7054-43B4-B14A-022D3294359B}
	EndGlobalSection
EndGlobal
